// !$*UTF8*$!
{
	archiveVersion = 1;
	classes = {
	};
	objectVersion = 55;
	objects = {

/* Begin PBXBuildFile section */
		4176A1FD28A5BB91001CA04A /* main.cpp in Sources */ = {isa = PBXBuildFile; fileRef = 4176A1FC28A5BB91001CA04A /* main.cpp */; };
		4176A20528A5BC35001CA04A /* Linked_List_Iterator.cpp in Sources */ = {isa = PBXBuildFile; fileRef = 4176A20328A5BC35001CA04A /* Linked_List_Iterator.cpp */; };
		4176A20828A5BE1B001CA04A /* Linked_List_Type.cpp in Sources */ = {isa = PBXBuildFile; fileRef = 4176A20628A5BE1B001CA04A /* Linked_List_Type.cpp */; };
		4176A20B28A5CB5D001CA04A /* Unordered_Linked_List.cpp in Sources */ = {isa = PBXBuildFile; fileRef = 4176A20928A5CB5D001CA04A /* Unordered_Linked_List.cpp */; };
/* End PBXBuildFile section */

/* Begin PBXCopyFilesBuildPhase section */
		4176A1F728A5BB91001CA04A /* CopyFiles */ = {
			isa = PBXCopyFilesBuildPhase;
			buildActionMask = 2147483647;
			dstPath = /usr/share/man/man1/;
			dstSubfolderSpec = 0;
			files = (
			);
			runOnlyForDeploymentPostprocessing = 1;
		};
/* End PBXCopyFilesBuildPhase section */

/* Begin PBXFileReference section */
		4176A1F928A5BB91001CA04A /* Linked_List_Review */ = {isa = PBXFileReference; explicitFileType = "compiled.mach-o.executable"; includeInIndex = 0; path = Linked_List_Review; sourceTree = BUILT_PRODUCTS_DIR; };
		4176A1FC28A5BB91001CA04A /* main.cpp */ = {isa = PBXFileReference; lastKnownFileType = sourcecode.cpp.cpp; path = main.cpp; sourceTree = "<group>"; };
		4176A20328A5BC35001CA04A /* Linked_List_Iterator.cpp */ = {isa = PBXFileReference; lastKnownFileType = sourcecode.cpp.cpp; path = Linked_List_Iterator.cpp; sourceTree = "<group>"; };
		4176A20428A5BC35001CA04A /* Linked_List_Iterator.hpp */ = {isa = PBXFileReference; lastKnownFileType = sourcecode.cpp.h; path = Linked_List_Iterator.hpp; sourceTree = "<group>"; };
		4176A20628A5BE1B001CA04A /* Linked_List_Type.cpp */ = {isa = PBXFileReference; lastKnownFileType = sourcecode.cpp.cpp; path = Linked_List_Type.cpp; sourceTree = "<group>"; };
		4176A20728A5BE1B001CA04A /* Linked_List_Type.hpp */ = {isa = PBXFileReference; lastKnownFileType = sourcecode.cpp.h; path = Linked_List_Type.hpp; sourceTree = "<group>"; };
		4176A20928A5CB5D001CA04A /* Unordered_Linked_List.cpp */ = {isa = PBXFileReference; lastKnownFileType = sourcecode.cpp.cpp; path = Unordered_Linked_List.cpp; sourceTree = "<group>"; };
		4176A20A28A5CB5D001CA04A /* Unordered_Linked_List.hpp */ = {isa = PBXFileReference; lastKnownFileType = sourcecode.cpp.h; path = Unordered_Linked_List.hpp; sourceTree = "<group>"; };
/* End PBXFileReference section */

/* Begin PBXFrameworksBuildPhase section */
		4176A1F628A5BB91001CA04A /* Frameworks */ = {
			isa = PBXFrameworksBuildPhase;
			buildActionMask = 2147483647;
			files = (
			);
			runOnlyForDeploymentPostprocessing = 0;
		};
/* End PBXFrameworksBuildPhase section */

/* Begin PBXGroup section */
		4176A1F028A5BB91001CA04A = {
			isa = PBXGroup;
			children = (
				4176A1FB28A5BB91001CA04A /* Linked_List_Review */,
				4176A1FA28A5BB91001CA04A /* Products */,
			);
			sourceTree = "<group>";
		};
		4176A1FA28A5BB91001CA04A /* Products */ = {
			isa = PBXGroup;
			children = (
				4176A1F928A5BB91001CA04A /* Linked_List_Review */,
			);
			name = Products;
			sourceTree = "<group>";
		};
		4176A1FB28A5BB91001CA04A /* Linked_List_Review */ = {
			isa = PBXGroup;
			children = (
				4176A1FC28A5BB91001CA04A /* main.cpp */,
				4176A20428A5BC35001CA04A /* Linked_List_Iterator.hpp */,
				4176A20328A5BC35001CA04A /* Linked_List_Iterator.cpp */,
				4176A20728A5BE1B001CA04A /* Linked_List_Type.hpp */,
				4176A20628A5BE1B001CA04A /* Linked_List_Type.cpp */,
				4176A20A28A5CB5D001CA04A /* Unordered_Linked_List.hpp */,
				4176A20928A5CB5D001CA04A /* Unordered_Linked_List.cpp */,
			);
			path = Linked_List_Review;
			sourceTree = "<group>";
		};
/* End PBXGroup section */

/* Begin PBXNativeTarget section */
		4176A1F828A5BB91001CA04A /* Linked_List_Review */ = {
			isa = PBXNativeTarget;
			buildConfigurationList = 4176A20028A5BB91001CA04A /* Build configuration list for PBXNativeTarget "Linked_List_Review" */;
			buildPhases = (
				4176A1F528A5BB91001CA04A /* Sources */,
				4176A1F628A5BB91001CA04A /* Frameworks */,
				4176A1F728A5BB91001CA04A /* CopyFiles */,
			);
			buildRules = (
			);
			dependencies = (
			);
			name = Linked_List_Review;
			productName = Linked_List_Review;
			productReference = 4176A1F928A5BB91001CA04A /* Linked_List_Review */;
			productType = "com.apple.product-type.tool";
		};
/* End PBXNativeTarget section */

/* Begin PBXProject section */
		4176A1F128A5BB91001CA04A /* Project object */ = {
			isa = PBXProject;
			attributes = {
				BuildIndependentTargetsInParallel = 1;
				LastUpgradeCheck = 1340;
				TargetAttributes = {
					4176A1F828A5BB91001CA04A = {
						CreatedOnToolsVersion = 13.4.1;
					};
				};
			};
			buildConfigurationList = 4176A1F428A5BB91001CA04A /* Build configuration list for PBXProject "Linked_List_Review" */;
			compatibilityVersion = "Xcode 13.0";
			developmentRegion = en;
			hasScannedForEncodings = 0;
			knownRegions = (
				en,
				Base,
			);
			mainGroup = 4176A1F028A5BB91001CA04A;
			productRefGroup = 4176A1FA28A5BB91001CA04A /* Products */;
			projectDirPath = "";
			projectRoot = "";
			targets = (
				4176A1F828A5BB91001CA04A /* Linked_List_Review */,
			);
		};
/* End PBXProject section */

/* Begin PBXSourcesBuildPhase section */
		4176A1F528A5BB91001CA04A /* Sources */ = {
			isa = PBXSourcesBuildPhase;
			buildActionMask = 2147483647;
			files = (
				4176A20528A5BC35001CA04A /* Linked_List_Iterator.cpp in Sources */,
				4176A20828A5BE1B001CA04A /* Linked_List_Type.cpp in Sources */,
				4176A1FD28A5BB91001CA04A /* main.cpp in Sources */,
				4176A20B28A5CB5D001CA04A /* Unordered_Linked_List.cpp in Sources */,
			);
			runOnlyForDeploymentPostprocessing = 0;
		};
/* End PBXSourcesBuildPhase section */

/* Begin XCBuildConfiguration section */
		4176A1FE28A5BB91001CA04A /* Debug */ = {
			isa = XCBuildConfiguration;
			buildSettings = {
				ALWAYS_SEARCH_USER_PATHS = NO;
				CLANG_ANALYZER_NONNULL = YES;
				CLANG_ANALYZER_NUMBER_OBJECT_CONVERSION = YES_AGGRESSIVE;
				CLANG_CXX_LANGUAGE_STANDARD = "gnu++17";
				CLANG_ENABLE_MODULES = YES;
				CLANG_ENABLE_OBJC_ARC = YES;
				CLANG_ENABLE_OBJC_WEAK = YES;
				CLANG_WARN_BLOCK_CAPTURE_AUTORELEASING = YES;
				CLANG_WARN_BOOL_CONVERSION = YES;
				CLANG_WARN_COMMA = YES;
				CLANG_WARN_CONSTANT_CONVERSION = YES;
				CLANG_WARN_DEPRECATED_OBJC_IMPLEMENTATIONS = YES;
				CLANG_WARN_DIRECT_OBJC_ISA_USAGE = YES_ERROR;
				CLANG_WARN_DOCUMENTATION_COMMENTS = YES;
				CLANG_WARN_EMPTY_BODY = YES;
				CLANG_WARN_ENUM_CONVERSION = YES;
				CLANG_WARN_INFINITE_RECURSION = YES;
				CLANG_WARN_INT_CONVERSION = YES;
				CLANG_WARN_NON_LITERAL_NULL_CONVERSION = YES;
				CLANG_WARN_OBJC_IMPLICIT_RETAIN_SELF = YES;
				CLANG_WARN_OBJC_LITERAL_CONVERSION = YES;
				CLANG_WARN_OBJC_ROOT_CLASS = YES_ERROR;
				CLANG_WARN_QUOTED_INCLUDE_IN_FRAMEWORK_HEADER = YES;
				CLANG_WARN_RANGE_LOOP_ANALYSIS = YES;
				CLANG_WARN_STRICT_PROTOTYPES = YES;
				CLANG_WARN_SUSPICIOUS_MOVE = YES;
				CLANG_WARN_UNGUARDED_AVAILABILITY = YES_AGGRESSIVE;
				CLANG_WARN_UNREACHABLE_CODE = YES;
				CLANG_WARN__DUPLICATE_METHOD_MATCH = YES;
				COPY_PHASE_STRIP = NO;
				DEBUG_INFORMATION_FORMAT = dwarf;
				ENABLE_STRICT_OBJC_MSGSEND = YES;
				ENABLE_TESTABILITY = YES;
				GCC_C_LANGUAGE_STANDARD = gnu11;
				GCC_DYNAMIC_NO_PIC = NO;
				GCC_NO_COMMON_BLOCKS = YES;
				GCC_OPTIMIZATION_LEVEL = 0;
				GCC_PREPROCESSOR_DEFINITIONS = (
					"DEBUG=1",
					"$(inherited)",
				);
				GCC_WARN_64_TO_32_BIT_CONVERSION = YES;
				GCC_WARN_ABOUT_RETURN_TYPE = YES_ERROR;
				GCC_WARN_UNDECLARED_SELECTOR = YES;
				GCC_WARN_UNINITIALIZED_AUTOS = YES_AGGRESSIVE;
				GCC_WARN_UNUSED_FUNCTION = YES;
				GCC_WARN_UNUSED_VARIABLE = YES;
				MACOSX_DEPLOYMENT_TARGET = 12.3;
				MTL_ENABLE_DEBUG_INFO = INCLUDE_SOURCE;
				MTL_FAST_MATH = YES;
				ONLY_ACTIVE_ARCH = YES;
				SDKROOT = macosx;
			};
			name = Debug;
		};
		4176A1FF28A5BB91001CA04A /* Release */ = {
			isa = XCBuildConfiguration;
			buildSettings = {
				ALWAYS_SEARCH_USER_PATHS = NO;
				CLANG_ANALYZER_NONNULL = YES;
				CLANG_ANALYZER_NUMBER_OBJECT_CONVERSION = YES_AGGRESSIVE;
				CLANG_CXX_LANGUAGE_STANDARD = "gnu++17";
				CLANG_ENABLE_MODULES = YES;
				CLANG_ENABLE_OBJC_ARC = YES;
				CLANG_ENABLE_OBJC_WEAK = YES;
				CLANG_WARN_BLOCK_CAPTURE_AUTORELEASING = YES;
				CLANG_WARN_BOOL_CONVERSION = YES;
				CLANG_WARN_COMMA = YES;
				CLANG_WARN_CONSTANT_CONVERSION = YES;
				CLANG_WARN_DEPRECATED_OBJC_IMPLEMENTATIONS = YES;
				CLANG_WARN_DIRECT_OBJC_ISA_USAGE = YES_ERROR;
				CLANG_WARN_DOCUMENTATION_COMMENTS = YES;
				CLANG_WARN_EMPTY_BODY = YES;
				CLANG_WARN_ENUM_CONVERSION = YES;
				CLANG_WARN_INFINITE_RECURSION = YES;
				CLANG_WARN_INT_CONVERSION = YES;
				CLANG_WARN_NON_LITERAL_NULL_CONVERSION = YES;
				CLANG_WARN_OBJC_IMPLICIT_RETAIN_SELF = YES;
				CLANG_WARN_OBJC_LITERAL_CONVERSION = YES;
				CLANG_WARN_OBJC_ROOT_CLASS = YES_ERROR;
				CLANG_WARN_QUOTED_INCLUDE_IN_FRAMEWORK_HEADER = YES;
				CLANG_WARN_RANGE_LOOP_ANALYSIS = YES;
				CLANG_WARN_STRICT_PROTOTYPES = YES;
				CLANG_WARN_SUSPICIOUS_MOVE = YES;
				CLANG_WARN_UNGUARDED_AVAILABILITY = YES_AGGRESSIVE;
				CLANG_WARN_UNREACHABLE_CODE = YES;
				CLANG_WARN__DUPLICATE_METHOD_MATCH = YES;
				COPY_PHASE_STRIP = NO;
				DEBUG_INFORMATION_FORMAT = "dwarf-with-dsym";
				ENABLE_NS_ASSERTIONS = NO;
				ENABLE_STRICT_OBJC_MSGSEND = YES;
				GCC_C_LANGUAGE_STANDARD = gnu11;
				GCC_NO_COMMON_BLOCKS = YES;
				GCC_WARN_64_TO_32_BIT_CONVERSION = YES;
				GCC_WARN_ABOUT_RETURN_TYPE = YES_ERROR;
				GCC_WARN_UNDECLARED_SELECTOR = YES;
				GCC_WARN_UNINITIALIZED_AUTOS = YES_AGGRESSIVE;
				GCC_WARN_UNUSED_FUNCTION = YES;
				GCC_WARN_UNUSED_VARIABLE = YES;
				MACOSX_DEPLOYMENT_TARGET = 12.3;
				MTL_ENABLE_DEBUG_INFO = NO;
				MTL_FAST_MATH = YES;
				SDKROOT = macosx;
			};
			name = Release;
		};
		4176A20128A5BB91001CA04A /* Debug */ = {
			isa = XCBuildConfiguration;
			buildSettings = {
				CODE_SIGN_STYLE = Automatic;
				DEVELOPMENT_TEAM = CWCBRR328H;
				ENABLE_HARDENED_RUNTIME = YES;
				PRODUCT_NAME = "$(TARGET_NAME)";
			};
			name = Debug;
		};
		4176A20228A5BB91001CA04A /* Release */ = {
			isa = XCBuildConfiguration;
			buildSettings = {
				CODE_SIGN_STYLE = Automatic;
				DEVELOPMENT_TEAM = CWCBRR328H;
				ENABLE_HARDENED_RUNTIME = YES;
				PRODUCT_NAME = "$(TARGET_NAME)";
			};
			name = Release;
		};
/* End XCBuildConfiguration section */

/* Begin XCConfigurationList section */
		4176A1F428A5BB91001CA04A /* Build configuration list for PBXProject "Linked_List_Review" */ = {
			isa = XCConfigurationList;
			buildConfigurations = (
				4176A1FE28A5BB91001CA04A /* Debug */,
				4176A1FF28A5BB91001CA04A /* Release */,
			);
			defaultConfigurationIsVisible = 0;
			defaultConfigurationName = Release;
		};
		4176A20028A5BB91001CA04A /* Build configuration list for PBXNativeTarget "Linked_List_Review" */ = {
			isa = XCConfigurationList;
			buildConfigurations = (
				4176A20128A5BB91001CA04A /* Debug */,
				4176A20228A5BB91001CA04A /* Release */,
			);
			defaultConfigurationIsVisible = 0;
			defaultConfigurationName = Release;
		};
/* End XCConfigurationList section */
	};
	rootObject = 4176A1F128A5BB91001CA04A /* Project object */;
}
